
Microsoft Visual Studio Solution File, Format Version 12.00
# Visual Studio Version 16
VisualStudioVersion = 16.0.30309.148
MinimumVisualStudioVersion = 10.0.40219.1
Project("{FAE04EC0-301F-11D3-BF4B-00C04F79EFBC}") = "PromotionSample", "PromotionSample\PromotionSample.csproj", "{758C3A60-710E-450D-A57C-4B17D652CA8F}"
EndProject
Project("{FAE04EC0-301F-11D3-BF4B-00C04F79EFBC}") = "PromotionTestProject", "PromotionTestProject\PromotionTestProject.csproj", "{2E735B53-559A-4F98-B534-03F2AA2863C1}"
EndProject
Global
	GlobalSection(SolutionConfigurationPlatforms) = preSolution
		Debug|Any CPU = Debug|Any CPU
		Release|Any CPU = Release|Any CPU
	EndGlobalSection
	GlobalSection(ProjectConfigurationPlatforms) = postSolution
		{758C3A60-710E-450D-A57C-4B17D652CA8F}.Debug|Any CPU.ActiveCfg = Debug|Any CPU
		{758C3A60-710E-450D-A57C-4B17D652CA8F}.Debug|Any CPU.Build.0 = Debug|Any CPU
		{758C3A60-710E-450D-A57C-4B17D652CA8F}.Release|Any CPU.ActiveCfg = Release|Any CPU
		{758C3A60-710E-450D-A57C-4B17D652CA8F}.Release|Any CPU.Build.0 = Release|Any CPU
		{2E735B53-559A-4F98-B534-03F2AA2863C1}.Debug|Any CPU.ActiveCfg = Debug|Any CPU
		{2E735B53-559A-4F98-B534-03F2AA2863C1}.Debug|Any CPU.Build.0 = Debug|Any CPU
		{2E735B53-559A-4F98-B534-03F2AA2863C1}.Release|Any CPU.ActiveCfg = Release|Any CPU
		{2E735B53-559A-4F98-B534-03F2AA2863C1}.Release|Any CPU.Build.0 = Release|Any CPU
	EndGlobalSection
	GlobalSection(SolutionProperties) = preSolution
		HideSolutionNode = FALSE
	EndGlobalSection
	GlobalSection(ExtensibilityGlobals) = postSolution
		SolutionGuid = {C1B97917-027F-424D-A6CE-904C10F402D8}
	EndGlobalSection
EndGlobal
